// !$*UTF8*$!
{
	archiveVersion = 1;
	classes = {
	};
	objectVersion = 56;
	objects = {

/* Begin PBXBuildFile section */
		E6AFBA772941A52400CF13EB /* AppDelegate.swift in Sources */ = {isa = PBXBuildFile; fileRef = E6AFBA762941A52400CF13EB /* AppDelegate.swift */; };
		E6AFBA792941A52400CF13EB /* SceneDelegate.swift in Sources */ = {isa = PBXBuildFile; fileRef = E6AFBA782941A52400CF13EB /* SceneDelegate.swift */; };
		E6AFBA7B2941A52400CF13EB /* ViewController.swift in Sources */ = {isa = PBXBuildFile; fileRef = E6AFBA7A2941A52400CF13EB /* ViewController.swift */; };
		E6AFBA7E2941A52400CF13EB /* Main.storyboard in Resources */ = {isa = PBXBuildFile; fileRef = E6AFBA7C2941A52400CF13EB /* Main.storyboard */; };
		E6AFBA802941A52600CF13EB /* Assets.xcassets in Resources */ = {isa = PBXBuildFile; fileRef = E6AFBA7F2941A52600CF13EB /* Assets.xcassets */; };
		E6AFBA832941A52600CF13EB /* LaunchScreen.storyboard in Resources */ = {isa = PBXBuildFile; fileRef = E6AFBA812941A52600CF13EB /* LaunchScreen.storyboard */; };
		E6AFBA902941AB2000CF13EB /* Wavehaus-Bold.otf in Resources */ = {isa = PBXBuildFile; fileRef = E6AFBA8A2941AB2000CF13EB /* Wavehaus-Bold.otf */; };
		E6AFBA912941AB2000CF13EB /* Wavehaus-Thin.otf in Resources */ = {isa = PBXBuildFile; fileRef = E6AFBA8B2941AB2000CF13EB /* Wavehaus-Thin.otf */; };
		E6AFBA922941AB2000CF13EB /* Wavehaus-SemiBold.otf in Resources */ = {isa = PBXBuildFile; fileRef = E6AFBA8C2941AB2000CF13EB /* Wavehaus-SemiBold.otf */; };
		E6AFBA932941AB2000CF13EB /* Wavehaus-Regular.otf in Resources */ = {isa = PBXBuildFile; fileRef = E6AFBA8D2941AB2000CF13EB /* Wavehaus-Regular.otf */; };
		E6AFBA942941AB2000CF13EB /* Wavehaus-Light.otf in Resources */ = {isa = PBXBuildFile; fileRef = E6AFBA8E2941AB2000CF13EB /* Wavehaus-Light.otf */; };
		E6AFBA952941AB2000CF13EB /* Wavehaus-ExtraBold.otf in Resources */ = {isa = PBXBuildFile; fileRef = E6AFBA8F2941AB2000CF13EB /* Wavehaus-ExtraBold.otf */; };
/* End PBXBuildFile section */

/* Begin PBXFileReference section */
		E6AFBA732941A52400CF13EB /* I Am Rich.app */ = {isa = PBXFileReference; explicitFileType = wrapper.application; includeInIndex = 0; path = "I Am Rich.app"; sourceTree = BUILT_PRODUCTS_DIR; };
		E6AFBA762941A52400CF13EB /* AppDelegate.swift */ = {isa = PBXFileReference; lastKnownFileType = sourcecode.swift; path = AppDelegate.swift; sourceTree = "<group>"; };
		E6AFBA782941A52400CF13EB /* SceneDelegate.swift */ = {isa = PBXFileReference; lastKnownFileType = sourcecode.swift; path = SceneDelegate.swift; sourceTree = "<group>"; };
		E6AFBA7A2941A52400CF13EB /* ViewController.swift */ = {isa = PBXFileReference; lastKnownFileType = sourcecode.swift; path = ViewController.swift; sourceTree = "<group>"; };
		E6AFBA7D2941A52400CF13EB /* Base */ = {isa = PBXFileReference; lastKnownFileType = file.storyboard; name = Base; path = Base.lproj/Main.storyboard; sourceTree = "<group>"; };
		E6AFBA7F2941A52600CF13EB /* Assets.xcassets */ = {isa = PBXFileReference; lastKnownFileType = folder.assetcatalog; path = Assets.xcassets; sourceTree = "<group>"; };
		E6AFBA822941A52600CF13EB /* Base */ = {isa = PBXFileReference; lastKnownFileType = file.storyboard; name = Base; path = Base.lproj/LaunchScreen.storyboard; sourceTree = "<group>"; };
		E6AFBA842941A52600CF13EB /* Info.plist */ = {isa = PBXFileReference; lastKnownFileType = text.plist.xml; path = Info.plist; sourceTree = "<group>"; };
		E6AFBA8A2941AB2000CF13EB /* Wavehaus-Bold.otf */ = {isa = PBXFileReference; lastKnownFileType = file; path = "Wavehaus-Bold.otf"; sourceTree = "<group>"; };
		E6AFBA8B2941AB2000CF13EB /* Wavehaus-Thin.otf */ = {isa = PBXFileReference; lastKnownFileType = file; path = "Wavehaus-Thin.otf"; sourceTree = "<group>"; };
		E6AFBA8C2941AB2000CF13EB /* Wavehaus-SemiBold.otf */ = {isa = PBXFileReference; lastKnownFileType = file; path = "Wavehaus-SemiBold.otf"; sourceTree = "<group>"; };
		E6AFBA8D2941AB2000CF13EB /* Wavehaus-Regular.otf */ = {isa = PBXFileReference; lastKnownFileType = file; path = "Wavehaus-Regular.otf"; sourceTree = "<group>"; };
		E6AFBA8E2941AB2000CF13EB /* Wavehaus-Light.otf */ = {isa = PBXFileReference; lastKnownFileType = file; path = "Wavehaus-Light.otf"; sourceTree = "<group>"; };
		E6AFBA8F2941AB2000CF13EB /* Wavehaus-ExtraBold.otf */ = {isa = PBXFileReference; lastKnownFileType = file; path = "Wavehaus-ExtraBold.otf"; sourceTree = "<group>"; };
/* End PBXFileReference section */

/* Begin PBXFrameworksBuildPhase section */
		E6AFBA702941A52400CF13EB /* Frameworks */ = {
			isa = PBXFrameworksBuildPhase;
			buildActionMask = 2147483647;
			files = (
			);
			runOnlyForDeploymentPostprocessing = 0;
		};
/* End PBXFrameworksBuildPhase section */

/* Begin PBXGroup section */
		E6AFBA6A2941A52400CF13EB = {
			isa = PBXGroup;
			children = (
				E6AFBA752941A52400CF13EB /* I Am Rich */,
				E6AFBA742941A52400CF13EB /* Products */,
			);
			sourceTree = "<group>";
		};
		E6AFBA742941A52400CF13EB /* Products */ = {
			isa = PBXGroup;
			children = (
				E6AFBA732941A52400CF13EB /* I Am Rich.app */,
			);
			name = Products;
			sourceTree = "<group>";
		};
		E6AFBA752941A52400CF13EB /* I Am Rich */ = {
			isa = PBXGroup;
			children = (
				E6AFBA762941A52400CF13EB /* AppDelegate.swift */,
				E6AFBA782941A52400CF13EB /* SceneDelegate.swift */,
				E6AFBA7A2941A52400CF13EB /* ViewController.swift */,
				E6AFBA7C2941A52400CF13EB /* Main.storyboard */,
				E6AFBA962941AB3100CF13EB /* fonts */,
				E6AFBA7F2941A52600CF13EB /* Assets.xcassets */,
				E6AFBA812941A52600CF13EB /* LaunchScreen.storyboard */,
				E6AFBA842941A52600CF13EB /* Info.plist */,
			);
			path = "I Am Rich";
			sourceTree = "<group>";
		};
		E6AFBA962941AB3100CF13EB /* fonts */ = {
			isa = PBXGroup;
			children = (
				E6AFBA8A2941AB2000CF13EB /* Wavehaus-Bold.otf */,
				E6AFBA8F2941AB2000CF13EB /* Wavehaus-ExtraBold.otf */,
				E6AFBA8E2941AB2000CF13EB /* Wavehaus-Light.otf */,
				E6AFBA8D2941AB2000CF13EB /* Wavehaus-Regular.otf */,
				E6AFBA8C2941AB2000CF13EB /* Wavehaus-SemiBold.otf */,
				E6AFBA8B2941AB2000CF13EB /* Wavehaus-Thin.otf */,
			);
			path = fonts;
			sourceTree = "<group>";
		};
/* End PBXGroup section */

/* Begin PBXNativeTarget section */
		E6AFBA722941A52400CF13EB /* I Am Rich */ = {
			isa = PBXNativeTarget;
			buildConfigurationList = E6AFBA872941A52600CF13EB /* Build configuration list for PBXNativeTarget "I Am Rich" */;
			buildPhases = (
				E6AFBA6F2941A52400CF13EB /* Sources */,
				E6AFBA702941A52400CF13EB /* Frameworks */,
				E6AFBA712941A52400CF13EB /* Resources */,
			);
			buildRules = (
			);
			dependencies = (
			);
			name = "I Am Rich";
			productName = "I Am Rich";
			productReference = E6AFBA732941A52400CF13EB /* I Am Rich.app */;
			productType = "com.apple.product-type.application";
		};
/* End PBXNativeTarget section */

/* Begin PBXProject section */
		E6AFBA6B2941A52400CF13EB /* Project object */ = {
			isa = PBXProject;
			attributes = {
				BuildIndependentTargetsInParallel = 1;
				LastSwiftUpdateCheck = 1410;
				LastUpgradeCheck = 1410;
				TargetAttributes = {
					E6AFBA722941A52400CF13EB = {
						CreatedOnToolsVersion = 14.1;
					};
				};
			};
			buildConfigurationList = E6AFBA6E2941A52400CF13EB /* Build configuration list for PBXProject "I Am Rich" */;
			compatibilityVersion = "Xcode 14.0";
			developmentRegion = en;
			hasScannedForEncodings = 0;
			knownRegions = (
				en,
				Base,
			);
			mainGroup = E6AFBA6A2941A52400CF13EB;
			productRefGroup = E6AFBA742941A52400CF13EB /* Products */;
			projectDirPath = "";
			projectRoot = "";
			targets = (
				E6AFBA722941A52400CF13EB /* I Am Rich */,
			);
		};
/* End PBXProject section */

/* Begin PBXResourcesBuildPhase section */
		E6AFBA712941A52400CF13EB /* Resources */ = {
			isa = PBXResourcesBuildPhase;
			buildActionMask = 2147483647;
			files = (
				E6AFBA952941AB2000CF13EB /* Wavehaus-ExtraBold.otf in Resources */,
				E6AFBA832941A52600CF13EB /* LaunchScreen.storyboard in Resources */,
				E6AFBA932941AB2000CF13EB /* Wavehaus-Regular.otf in Resources */,
				E6AFBA942941AB2000CF13EB /* Wavehaus-Light.otf in Resources */,
				E6AFBA802941A52600CF13EB /* Assets.xcassets in Resources */,
				E6AFBA912941AB2000CF13EB /* Wavehaus-Thin.otf in Resources */,
				E6AFBA902941AB2000CF13EB /* Wavehaus-Bold.otf in Resources */,
				E6AFBA922941AB2000CF13EB /* Wavehaus-SemiBold.otf in Resources */,
				E6AFBA7E2941A52400CF13EB /* Main.storyboard in Resources */,
			);
			runOnlyForDeploymentPostprocessing = 0;
		};
/* End PBXResourcesBuildPhase section */

/* Begin PBXSourcesBuildPhase section */
		E6AFBA6F2941A52400CF13EB /* Sources */ = {
			isa = PBXSourcesBuildPhase;
			buildActionMask = 2147483647;
			files = (
				E6AFBA7B2941A52400CF13EB /* ViewController.swift in Sources */,
				E6AFBA772941A52400CF13EB /* AppDelegate.swift in Sources */,
				E6AFBA792941A52400CF13EB /* SceneDelegate.swift in Sources */,
			);
			runOnlyForDeploymentPostprocessing = 0;
		};
/* End PBXSourcesBuildPhase section */

/* Begin PBXVariantGroup section */
		E6AFBA7C2941A52400CF13EB /* Main.storyboard */ = {
			isa = PBXVariantGroup;
			children = (
				E6AFBA7D2941A52400CF13EB /* Base */,
			);
			name = Main.storyboard;
			sourceTree = "<group>";
		};
		E6AFBA812941A52600CF13EB /* LaunchScreen.storyboard */ = {
			isa = PBXVariantGroup;
			children = (
				E6AFBA822941A52600CF13EB /* Base */,
			);
			name = LaunchScreen.storyboard;
			sourceTree = "<group>";
		};
/* End PBXVariantGroup section */

/* Begin XCBuildConfiguration section */
		E6AFBA852941A52600CF13EB /* Debug */ = {
			isa = XCBuildConfiguration;
			buildSettings = {
				ALWAYS_SEARCH_USER_PATHS = NO;
				CLANG_ANALYZER_NONNULL = YES;
				CLANG_ANALYZER_NUMBER_OBJECT_CONVERSION = YES_AGGRESSIVE;
				CLANG_CXX_LANGUAGE_STANDARD = "gnu++20";
				CLANG_ENABLE_MODULES = YES;
				CLANG_ENABLE_OBJC_ARC = YES;
				CLANG_ENABLE_OBJC_WEAK = YES;
				CLANG_WARN_BLOCK_CAPTURE_AUTORELEASING = YES;
				CLANG_WARN_BOOL_CONVERSION = YES;
				CLANG_WARN_COMMA = YES;
				CLANG_WARN_CONSTANT_CONVERSION = YES;
				CLANG_WARN_DEPRECATED_OBJC_IMPLEMENTATIONS = YES;
				CLANG_WARN_DIRECT_OBJC_ISA_USAGE = YES_ERROR;
				CLANG_WARN_DOCUMENTATION_COMMENTS = YES;
				CLANG_WARN_EMPTY_BODY = YES;
				CLANG_WARN_ENUM_CONVERSION = YES;
				CLANG_WARN_INFINITE_RECURSION = YES;
				CLANG_WARN_INT_CONVERSION = YES;
				CLANG_WARN_NON_LITERAL_NULL_CONVERSION = YES;
				CLANG_WARN_OBJC_IMPLICIT_RETAIN_SELF = YES;
				CLANG_WARN_OBJC_LITERAL_CONVERSION = YES;
				CLANG_WARN_OBJC_ROOT_CLASS = YES_ERROR;
				CLANG_WARN_QUOTED_INCLUDE_IN_FRAMEWORK_HEADER = YES;
				CLANG_WARN_RANGE_LOOP_ANALYSIS = YES;
				CLANG_WARN_STRICT_PROTOTYPES = YES;
				CLANG_WARN_SUSPICIOUS_MOVE = YES;
				CLANG_WARN_UNGUARDED_AVAILABILITY = YES_AGGRESSIVE;
				CLANG_WARN_UNREACHABLE_CODE = YES;
				CLANG_WARN__DUPLICATE_METHOD_MATCH = YES;
				COPY_PHASE_STRIP = NO;
				DEBUG_INFORMATION_FORMAT = dwarf;
				ENABLE_STRICT_OBJC_MSGSEND = YES;
				ENABLE_TESTABILITY = YES;
				GCC_C_LANGUAGE_STANDARD = gnu11;
				GCC_DYNAMIC_NO_PIC = NO;
				GCC_NO_COMMON_BLOCKS = YES;
				GCC_OPTIMIZATION_LEVEL = 0;
				GCC_PREPROCESSOR_DEFINITIONS = (
					"DEBUG=1",
					"$(inherited)",
				);
				GCC_WARN_64_TO_32_BIT_CONVERSION = YES;
				GCC_WARN_ABOUT_RETURN_TYPE = YES_ERROR;
				GCC_WARN_UNDECLARED_SELECTOR = YES;
				GCC_WARN_UNINITIALIZED_AUTOS = YES_AGGRESSIVE;
				GCC_WARN_UNUSED_FUNCTION = YES;
				GCC_WARN_UNUSED_VARIABLE = YES;
				IPHONEOS_DEPLOYMENT_TARGET = 16.1;
				MTL_ENABLE_DEBUG_INFO = INCLUDE_SOURCE;
				MTL_FAST_MATH = YES;
				ONLY_ACTIVE_ARCH = YES;
				SDKROOT = iphoneos;
				SWIFT_ACTIVE_COMPILATION_CONDITIONS = DEBUG;
				SWIFT_OPTIMIZATION_LEVEL = "-Onone";
			};
			name = Debug;
		};
		E6AFBA862941A52600CF13EB /* Release */ = {
			isa = XCBuildConfiguration;
			buildSettings = {
				ALWAYS_SEARCH_USER_PATHS = NO;
				CLANG_ANALYZER_NONNULL = YES;
				CLANG_ANALYZER_NUMBER_OBJECT_CONVERSION = YES_AGGRESSIVE;
				CLANG_CXX_LANGUAGE_STANDARD = "gnu++20";
				CLANG_ENABLE_MODULES = YES;
				CLANG_ENABLE_OBJC_ARC = YES;
				CLANG_ENABLE_OBJC_WEAK = YES;
				CLANG_WARN_BLOCK_CAPTURE_AUTORELEASING = YES;
				CLANG_WARN_BOOL_CONVERSION = YES;
				CLANG_WARN_COMMA = YES;
				CLANG_WARN_CONSTANT_CONVERSION = YES;
				CLANG_WARN_DEPRECATED_OBJC_IMPLEMENTATIONS = YES;
				CLANG_WARN_DIRECT_OBJC_ISA_USAGE = YES_ERROR;
				CLANG_WARN_DOCUMENTATION_COMMENTS = YES;
				CLANG_WARN_EMPTY_BODY = YES;
				CLANG_WARN_ENUM_CONVERSION = YES;
				CLANG_WARN_INFINITE_RECURSION = YES;
				CLANG_WARN_INT_CONVERSION = YES;
				CLANG_WARN_NON_LITERAL_NULL_CONVERSION = YES;
				CLANG_WARN_OBJC_IMPLICIT_RETAIN_SELF = YES;
				CLANG_WARN_OBJC_LITERAL_CONVERSION = YES;
				CLANG_WARN_OBJC_ROOT_CLASS = YES_ERROR;
				CLANG_WARN_QUOTED_INCLUDE_IN_FRAMEWORK_HEADER = YES;
				CLANG_WARN_RANGE_LOOP_ANALYSIS = YES;
				CLANG_WARN_STRICT_PROTOTYPES = YES;
				CLANG_WARN_SUSPICIOUS_MOVE = YES;
				CLANG_WARN_UNGUARDED_AVAILABILITY = YES_AGGRESSIVE;
				CLANG_WARN_UNREACHABLE_CODE = YES;
				CLANG_WARN__DUPLICATE_METHOD_MATCH = YES;
				COPY_PHASE_STRIP = NO;
				DEBUG_INFORMATION_FORMAT = "dwarf-with-dsym";
				ENABLE_NS_ASSERTIONS = NO;
				ENABLE_STRICT_OBJC_MSGSEND = YES;
				GCC_C_LANGUAGE_STANDARD = gnu11;
				GCC_NO_COMMON_BLOCKS = YES;
				GCC_WARN_64_TO_32_BIT_CONVERSION = YES;
				GCC_WARN_ABOUT_RETURN_TYPE = YES_ERROR;
				GCC_WARN_UNDECLARED_SELECTOR = YES;
				GCC_WARN_UNINITIALIZED_AUTOS = YES_AGGRESSIVE;
				GCC_WARN_UNUSED_FUNCTION = YES;
				GCC_WARN_UNUSED_VARIABLE = YES;
				IPHONEOS_DEPLOYMENT_TARGET = 16.1;
				MTL_ENABLE_DEBUG_INFO = NO;
				MTL_FAST_MATH = YES;
				SDKROOT = iphoneos;
				SWIFT_COMPILATION_MODE = wholemodule;
				SWIFT_OPTIMIZATION_LEVEL = "-O";
				VALIDATE_PRODUCT = YES;
			};
			name = Release;
		};
		E6AFBA882941A52600CF13EB /* Debug */ = {
			isa = XCBuildConfiguration;
			buildSettings = {
				ASSETCATALOG_COMPILER_APPICON_NAME = AppIcon;
				ASSETCATALOG_COMPILER_GLOBAL_ACCENT_COLOR_NAME = AccentColor;
				CODE_SIGN_STYLE = Automatic;
				CURRENT_PROJECT_VERSION = 1;
				DEVELOPMENT_TEAM = 856DGHRJ48;
				GENERATE_INFOPLIST_FILE = YES;
				INFOPLIST_FILE = "I Am Rich/Info.plist";
				INFOPLIST_KEY_CFBundleDisplayName = "Soy Rico!";
				INFOPLIST_KEY_LSApplicationCategoryType = "public.app-category.entertainment";
				INFOPLIST_KEY_UIApplicationSupportsIndirectInputEvents = YES;
				INFOPLIST_KEY_UILaunchStoryboardName = LaunchScreen;
				INFOPLIST_KEY_UIMainStoryboardFile = Main;
				INFOPLIST_KEY_UISupportedInterfaceOrientations = UIInterfaceOrientationPortrait;
				INFOPLIST_KEY_UISupportedInterfaceOrientations_iPad = "UIInterfaceOrientationLandscapeLeft UIInterfaceOrientationLandscapeRight UIInterfaceOrientationPortrait UIInterfaceOrientationPortraitUpsideDown";
				IPHONEOS_DEPLOYMENT_TARGET = 13.0;
				LD_RUNPATH_SEARCH_PATHS = (
					"$(inherited)",
					"@executable_path/Frameworks",
				);
				MARKETING_VERSION = 1.0;
				PRODUCT_BUNDLE_IDENTIFIER = "dev.jayramirez.soy-rico";
				PRODUCT_NAME = "$(TARGET_NAME)";
				SUPPORTED_PLATFORMS = "iphoneos iphonesimulator";
				SUPPORTS_MACCATALYST = NO;
				SUPPORTS_MAC_DESIGNED_FOR_IPHONE_IPAD = NO;
				SWIFT_EMIT_LOC_STRINGS = YES;
				SWIFT_VERSION = 5.0;
				TARGETED_DEVICE_FAMILY = 1;
			};
			name = Debug;
		};
		E6AFBA892941A52600CF13EB /* Release */ = {
			isa = XCBuildConfiguration;
			buildSettings = {
				ASSETCATALOG_COMPILER_APPICON_NAME = AppIcon;
				ASSETCATALOG_COMPILER_GLOBAL_ACCENT_COLOR_NAME = AccentColor;
				CODE_SIGN_STYLE = Automatic;
				CURRENT_PROJECT_VERSION = 1;
				DEVELOPMENT_TEAM = 856DGHRJ48;
				GENERATE_INFOPLIST_FILE = YES;
				INFOPLIST_FILE = "I Am Rich/Info.plist";
				INFOPLIST_KEY_CFBundleDisplayName = "Soy Rico!";
				INFOPLIST_KEY_LSApplicationCategoryType = "public.app-category.entertainment";
				INFOPLIST_KEY_UIApplicationSupportsIndirectInputEvents = YES;
				INFOPLIST_KEY_UILaunchStoryboardName = LaunchScreen;
				INFOPLIST_KEY_UIMainStoryboardFile = Main;
				INFOPLIST_KEY_UISupportedInterfaceOrientations = UIInterfaceOrientationPortrait;
				INFOPLIST_KEY_UISupportedInterfaceOrientations_iPad = "UIInterfaceOrientationLandscapeLeft UIInterfaceOrientationLandscapeRight UIInterfaceOrientationPortrait UIInterfaceOrientationPortraitUpsideDown";
				IPHONEOS_DEPLOYMENT_TARGET = 13.0;
				LD_RUNPATH_SEARCH_PATHS = (
					"$(inherited)",
					"@executable_path/Frameworks",
				);
				MARKETING_VERSION = 1.0;
				PRODUCT_BUNDLE_IDENTIFIER = "dev.jayramirez.soy-rico";
				PRODUCT_NAME = "$(TARGET_NAME)";
				SUPPORTED_PLATFORMS = "iphoneos iphonesimulator";
				SUPPORTS_MACCATALYST = NO;
				SUPPORTS_MAC_DESIGNED_FOR_IPHONE_IPAD = NO;
				SWIFT_EMIT_LOC_STRINGS = YES;
				SWIFT_VERSION = 5.0;
				TARGETED_DEVICE_FAMILY = 1;
			};
			name = Release;
		};
/* End XCBuildConfiguration section */

/* Begin XCConfigurationList section */
		E6AFBA6E2941A52400CF13EB /* Build configuration list for PBXProject "I Am Rich" */ = {
			isa = XCConfigurationList;
			buildConfigurations = (
				E6AFBA852941A52600CF13EB /* Debug */,
				E6AFBA862941A52600CF13EB /* Release */,
			);
			defaultConfigurationIsVisible = 0;
			defaultConfigurationName = Release;
		};
		E6AFBA872941A52600CF13EB /* Build configuration list for PBXNativeTarget "I Am Rich" */ = {
			isa = XCConfigurationList;
			buildConfigurations = (
				E6AFBA882941A52600CF13EB /* Debug */,
				E6AFBA892941A52600CF13EB /* Release */,
			);
			defaultConfigurationIsVisible = 0;
			defaultConfigurationName = Release;
		};
/* End XCConfigurationList section */
	};
	rootObject = E6AFBA6B2941A52400CF13EB /* Project object */;
}
